
Microsoft Visual Studio Solution File, Format Version 12.00
# Visual Studio Version 16
VisualStudioVersion = 16.0.30621.155
MinimumVisualStudioVersion = 10.0.40219.1
Project("{FAE04EC0-301F-11D3-BF4B-00C04F79EFBC}") = "SyrmaMonitor", "SyrmaMonitor\SyrmaMonitor.csproj", "{C5704999-B2B9-4F3A-B062-793ACC6ED733}"
EndProject
Global
	GlobalSection(SolutionConfigurationPlatforms) = preSolution
		Debug|Any CPU = Debug|Any CPU
		Release|Any CPU = Release|Any CPU
	EndGlobalSection
	GlobalSection(ProjectConfigurationPlatforms) = postSolution
		{C5704999-B2B9-4F3A-B062-793ACC6ED733}.Debug|Any CPU.ActiveCfg = Debug|Any CPU
		{C5704999-B2B9-4F3A-B062-793ACC6ED733}.Debug|Any CPU.Build.0 = Debug|Any CPU
		{C5704999-B2B9-4F3A-B062-793ACC6ED733}.Release|Any CPU.ActiveCfg = Release|Any CPU
		{C5704999-B2B9-4F3A-B062-793ACC6ED733}.Release|Any CPU.Build.0 = Release|Any CPU
	EndGlobalSection
	GlobalSection(SolutionProperties) = preSolution
		HideSolutionNode = FALSE
	EndGlobalSection
	GlobalSection(ExtensibilityGlobals) = postSolution
		SolutionGuid = {EB8B7EFA-C2A6-4CCC-81A8-EB58155BD2B7}
	EndGlobalSection
EndGlobal
